
Microsoft Visual Studio Solution File, Format Version 12.00
# Visual Studio Version 17
VisualStudioVersion = 17.11.35431.28
MinimumVisualStudioVersion = 10.0.40219.1
Project("{D2ABAB84-BF74-430A-B69E-9DC6D40DDA17}") = "MultidimensionalProject2", "MultidimensionalProject2\MultidimensionalProject2.dwproj", "{86055B01-F096-437D-8AAC-C9572A97CEF4}"
EndProject
Global
	GlobalSection(SolutionConfigurationPlatforms) = preSolution
		Development|Default = Development|Default
	EndGlobalSection
	GlobalSection(ProjectConfigurationPlatforms) = postSolution
		{86055B01-F096-437D-8AAC-C9572A97CEF4}.Development|Default.ActiveCfg = Development
		{86055B01-F096-437D-8AAC-C9572A97CEF4}.Development|Default.Build.0 = Development
		{86055B01-F096-437D-8AAC-C9572A97CEF4}.Development|Default.Deploy.0 = Development
	EndGlobalSection
	GlobalSection(SolutionProperties) = preSolution
		HideSolutionNode = FALSE
	EndGlobalSection
	GlobalSection(ExtensibilityGlobals) = postSolution
		SolutionGuid = {CF2B86AD-BE87-44A6-9DF4-4A0A44F2F27C}
	EndGlobalSection
EndGlobal
